
Microsoft Visual Studio Solution File, Format Version 12.00
# Visual Studio Version 17
VisualStudioVersion = 17.8.34511.84
MinimumVisualStudioVersion = 10.0.40219.1
Project("{FAE04EC0-301F-11D3-BF4B-00C04F79EFBC}") = "FightSimulation", "FightSimulation\FightSimulation.csproj", "{2FDDD51B-1D0F-4B3F-9F2C-10EB135EA51D}"
EndProject
Global
	GlobalSection(SolutionConfigurationPlatforms) = preSolution
		Debug|Any CPU = Debug|Any CPU
		Release|Any CPU = Release|Any CPU
	EndGlobalSection
	GlobalSection(ProjectConfigurationPlatforms) = postSolution
		{2FDDD51B-1D0F-4B3F-9F2C-10EB135EA51D}.Debug|Any CPU.ActiveCfg = Debug|Any CPU
		{2FDDD51B-1D0F-4B3F-9F2C-10EB135EA51D}.Debug|Any CPU.Build.0 = Debug|Any CPU
		{2FDDD51B-1D0F-4B3F-9F2C-10EB135EA51D}.Release|Any CPU.ActiveCfg = Release|Any CPU
		{2FDDD51B-1D0F-4B3F-9F2C-10EB135EA51D}.Release|Any CPU.Build.0 = Release|Any CPU
	EndGlobalSection
	GlobalSection(SolutionProperties) = preSolution
		HideSolutionNode = FALSE
	EndGlobalSection
	GlobalSection(ExtensibilityGlobals) = postSolution
		SolutionGuid = {A77E7E89-6295-4705-9FA1-AE2125AE0B6B}
	EndGlobalSection
EndGlobal
